
Microsoft Visual Studio Solution File, Format Version 12.00
# Visual Studio 15
VisualStudioVersion = 15.0.27004.2002
MinimumVisualStudioVersion = 10.0.40219.1
Project("{FAE04EC0-301F-11D3-BF4B-00C04F79EFBC}") = "FutbolApp.Android", "FutbolApp\FutbolApp.Android\FutbolApp.Android.csproj", "{FD4B58C5-8009-445A-9E2F-68C0AC9AA89D}"
EndProject
Project("{FAE04EC0-301F-11D3-BF4B-00C04F79EFBC}") = "FutbolApp", "FutbolApp\FutbolApp\FutbolApp.csproj", "{E2766414-7F54-4AFD-B72F-6B8C4D99006D}"
EndProject
Project("{FAE04EC0-301F-11D3-BF4B-00C04F79EFBC}") = "FutbolApp.UWP", "FutbolApp\FutbolApp.UWP\FutbolApp.UWP.csproj", "{38331B6F-8086-489C-BF09-9F5595F7DDB6}"
EndProject
Project("{FAE04EC0-301F-11D3-BF4B-00C04F79EFBC}") = "FutbolApp.iOS", "FutbolApp\FutbolApp.iOS\FutbolApp.iOS.csproj", "{FAA42893-44A6-4BE7-9221-C36600C5BD9E}"
EndProject
Global
	GlobalSection(SolutionConfigurationPlatforms) = preSolution
		Ad-Hoc|Any CPU = Ad-Hoc|Any CPU
		Ad-Hoc|ARM = Ad-Hoc|ARM
		Ad-Hoc|iPhone = Ad-Hoc|iPhone
		Ad-Hoc|iPhoneSimulator = Ad-Hoc|iPhoneSimulator
		Ad-Hoc|x64 = Ad-Hoc|x64
		Ad-Hoc|x86 = Ad-Hoc|x86
		AppStore|Any CPU = AppStore|Any CPU
		AppStore|ARM = AppStore|ARM
		AppStore|iPhone = AppStore|iPhone
		AppStore|iPhoneSimulator = AppStore|iPhoneSimulator
		AppStore|x64 = AppStore|x64
		AppStore|x86 = AppStore|x86
		Debug|Any CPU = Debug|Any CPU
		Debug|ARM = Debug|ARM
		Debug|iPhone = Debug|iPhone
		Debug|iPhoneSimulator = Debug|iPhoneSimulator
		Debug|x64 = Debug|x64
		Debug|x86 = Debug|x86
		Release|Any CPU = Release|Any CPU
		Release|ARM = Release|ARM
		Release|iPhone = Release|iPhone
		Release|iPhoneSimulator = Release|iPhoneSimulator
		Release|x64 = Release|x64
		Release|x86 = Release|x86
	EndGlobalSection
	GlobalSection(ProjectConfigurationPlatforms) = postSolution
		{FD4B58C5-8009-445A-9E2F-68C0AC9AA89D}.Ad-Hoc|Any CPU.ActiveCfg = Release|Any CPU
		{FD4B58C5-8009-445A-9E2F-68C0AC9AA89D}.Ad-Hoc|Any CPU.Build.0 = Release|Any CPU
		{FD4B58C5-8009-445A-9E2F-68C0AC9AA89D}.Ad-Hoc|Any CPU.Deploy.0 = Release|Any CPU
		{FD4B58C5-8009-445A-9E2F-68C0AC9AA89D}.Ad-Hoc|ARM.ActiveCfg = Release|Any CPU
		{FD4B58C5-8009-445A-9E2F-68C0AC9AA89D}.Ad-Hoc|ARM.Build.0 = Release|Any CPU
		{FD4B58C5-8009-445A-9E2F-68C0AC9AA89D}.Ad-Hoc|ARM.Deploy.0 = Release|Any CPU
		{FD4B58C5-8009-445A-9E2F-68C0AC9AA89D}.Ad-Hoc|iPhone.ActiveCfg = Release|Any CPU
		{FD4B58C5-8009-445A-9E2F-68C0AC9AA89D}.Ad-Hoc|iPhone.Build.0 = Release|Any CPU
		{FD4B58C5-8009-445A-9E2F-68C0AC9AA89D}.Ad-Hoc|iPhone.Deploy.0 = Release|Any CPU
		{FD4B58C5-8009-445A-9E2F-68C0AC9AA89D}.Ad-Hoc|iPhoneSimulator.ActiveCfg = Release|Any CPU
		{FD4B58C5-8009-445A-9E2F-68C0AC9AA89D}.Ad-Hoc|iPhoneSimulator.Build.0 = Release|Any CPU
		{FD4B58C5-8009-445A-9E2F-68C0AC9AA89D}.Ad-Hoc|iPhoneSimulator.Deploy.0 = Release|Any CPU
		{FD4B58C5-8009-445A-9E2F-68C0AC9AA89D}.Ad-Hoc|x64.ActiveCfg = Release|Any CPU
		{FD4B58C5-8009-445A-9E2F-68C0AC9AA89D}.Ad-Hoc|x64.Build.0 = Release|Any CPU
		{FD4B58C5-8009-445A-9E2F-68C0AC9AA89D}.Ad-Hoc|x64.Deploy.0 = Release|Any CPU
		{FD4B58C5-8009-445A-9E2F-68C0AC9AA89D}.Ad-Hoc|x86.ActiveCfg = Release|Any CPU
		{FD4B58C5-8009-445A-9E2F-68C0AC9AA89D}.Ad-Hoc|x86.Build.0 = Release|Any CPU
		{FD4B58C5-8009-445A-9E2F-68C0AC9AA89D}.Ad-Hoc|x86.Deploy.0 = Release|Any CPU
		{FD4B58C5-8009-445A-9E2F-68C0AC9AA89D}.AppStore|Any CPU.ActiveCfg = Release|Any CPU
		{FD4B58C5-8009-445A-9E2F-68C0AC9AA89D}.AppStore|Any CPU.Build.0 = Release|Any CPU
		{FD4B58C5-8009-445A-9E2F-68C0AC9AA89D}.AppStore|Any CPU.Deploy.0 = Release|Any CPU
		{FD4B58C5-8009-445A-9E2F-68C0AC9AA89D}.AppStore|ARM.ActiveCfg = Release|Any CPU
		{FD4B58C5-8009-445A-9E2F-68C0AC9AA89D}.AppStore|ARM.Build.0 = Release|Any CPU
		{FD4B58C5-8009-445A-9E2F-68C0AC9AA89D}.AppStore|ARM.Deploy.0 = Release|Any CPU
		{FD4B58C5-8009-445A-9E2F-68C0AC9AA89D}.AppStore|iPhone.ActiveCfg = Release|Any CPU
		{FD4B58C5-8009-445A-9E2F-68C0AC9AA89D}.AppStore|iPhone.Build.0 = Release|Any CPU
		{FD4B58C5-8009-445A-9E2F-68C0AC9AA89D}.AppStore|iPhone.Deploy.0 = Release|Any CPU
		{FD4B58C5-8009-445A-9E2F-68C0AC9AA89D}.AppStore|iPhoneSimulator.ActiveCfg = Release|Any CPU
		{FD4B58C5-8009-445A-9E2F-68C0AC9AA89D}.AppStore|iPhoneSimulator.Build.0 = Release|Any CPU
		{FD4B58C5-8009-445A-9E2F-68C0AC9AA89D}.AppStore|iPhoneSimulator.Deploy.0 = Release|Any CPU
		{FD4B58C5-8009-445A-9E2F-68C0AC9AA89D}.AppStore|x64.ActiveCfg = Release|Any CPU
		{FD4B58C5-8009-445A-9E2F-68C0AC9AA89D}.AppStore|x64.Build.0 = Release|Any CPU
		{FD4B58C5-8009-445A-9E2F-68C0AC9AA89D}.AppStore|x64.Deploy.0 = Release|Any CPU
		{FD4B58C5-8009-445A-9E2F-68C0AC9AA89D}.AppStore|x86.ActiveCfg = Release|Any CPU
		{FD4B58C5-8009-445A-9E2F-68C0AC9AA89D}.AppStore|x86.Build.0 = Release|Any CPU
		{FD4B58C5-8009-445A-9E2F-68C0AC9AA89D}.AppStore|x86.Deploy.0 = Release|Any CPU
		{FD4B58C5-8009-445A-9E2F-68C0AC9AA89D}.Debug|Any CPU.ActiveCfg = Debug|Any CPU
		{FD4B58C5-8009-445A-9E2F-68C0AC9AA89D}.Debug|Any CPU.Build.0 = Debug|Any CPU
		{FD4B58C5-8009-445A-9E2F-68C0AC9AA89D}.Debug|Any CPU.Deploy.0 = Debug|Any CPU
		{FD4B58C5-8009-445A-9E2F-68C0AC9AA89D}.Debug|ARM.ActiveCfg = Debug|Any CPU
		{FD4B58C5-8009-445A-9E2F-68C0AC9AA89D}.Debug|ARM.Build.0 = Debug|Any CPU
		{FD4B58C5-8009-445A-9E2F-68C0AC9AA89D}.Debug|ARM.Deploy.0 = Debug|Any CPU
		{FD4B58C5-8009-445A-9E2F-68C0AC9AA89D}.Debug|iPhone.ActiveCfg = Debug|Any CPU
		{FD4B58C5-8009-445A-9E2F-68C0AC9AA89D}.Debug|iPhone.Build.0 = Debug|Any CPU
		{FD4B58C5-8009-445A-9E2F-68C0AC9AA89D}.Debug|iPhone.Deploy.0 = Debug|Any CPU
		{FD4B58C5-8009-445A-9E2F-68C0AC9AA89D}.Debug|iPhoneSimulator.ActiveCfg = Debug|Any CPU
		{FD4B58C5-8009-445A-9E2F-68C0AC9AA89D}.Debug|iPhoneSimulator.Build.0 = Debug|Any CPU
		{FD4B58C5-8009-445A-9E2F-68C0AC9AA89D}.Debug|iPhoneSimulator.Deploy.0 = Debug|Any CPU
		{FD4B58C5-8009-445A-9E2F-68C0AC9AA89D}.Debug|x64.ActiveCfg = Debug|Any CPU
		{FD4B58C5-8009-445A-9E2F-68C0AC9AA89D}.Debug|x64.Build.0 = Debug|Any CPU
		{FD4B58C5-8009-445A-9E2F-68C0AC9AA89D}.Debug|x64.Deploy.0 = Debug|Any CPU
		{FD4B58C5-8009-445A-9E2F-68C0AC9AA89D}.Debug|x86.ActiveCfg = Debug|Any CPU
		{FD4B58C5-8009-445A-9E2F-68C0AC9AA89D}.Debug|x86.Build.0 = Debug|Any CPU
		{FD4B58C5-8009-445A-9E2F-68C0AC9AA89D}.Debug|x86.Deploy.0 = Debug|Any CPU
		{FD4B58C5-8009-445A-9E2F-68C0AC9AA89D}.Release|Any CPU.ActiveCfg = Release|Any CPU
		{FD4B58C5-8009-445A-9E2F-68C0AC9AA89D}.Release|Any CPU.Build.0 = Release|Any CPU
		{FD4B58C5-8009-445A-9E2F-68C0AC9AA89D}.Release|Any CPU.Deploy.0 = Release|Any CPU
		{FD4B58C5-8009-445A-9E2F-68C0AC9AA89D}.Release|ARM.ActiveCfg = Release|Any CPU
		{FD4B58C5-8009-445A-9E2F-68C0AC9AA89D}.Release|ARM.Build.0 = Release|Any CPU
		{FD4B58C5-8009-445A-9E2F-68C0AC9AA89D}.Release|ARM.Deploy.0 = Release|Any CPU
		{FD4B58C5-8009-445A-9E2F-68C0AC9AA89D}.Release|iPhone.ActiveCfg = Release|Any CPU
		{FD4B58C5-8009-445A-9E2F-68C0AC9AA89D}.Release|iPhone.Build.0 = Release|Any CPU
		{FD4B58C5-8009-445A-9E2F-68C0AC9AA89D}.Release|iPhone.Deploy.0 = Release|Any CPU
		{FD4B58C5-8009-445A-9E2F-68C0AC9AA89D}.Release|iPhoneSimulator.ActiveCfg = Release|Any CPU
		{FD4B58C5-8009-445A-9E2F-68C0AC9AA89D}.Release|iPhoneSimulator.Build.0 = Release|Any CPU
		{FD4B58C5-8009-445A-9E2F-68C0AC9AA89D}.Release|iPhoneSimulator.Deploy.0 = Release|Any CPU
		{FD4B58C5-8009-445A-9E2F-68C0AC9AA89D}.Release|x64.ActiveCfg = Release|Any CPU
		{FD4B58C5-8009-445A-9E2F-68C0AC9AA89D}.Release|x64.Build.0 = Release|Any CPU
		{FD4B58C5-8009-445A-9E2F-68C0AC9AA89D}.Release|x64.Deploy.0 = Release|Any CPU
		{FD4B58C5-8009-445A-9E2F-68C0AC9AA89D}.Release|x86.ActiveCfg = Release|Any CPU
		{FD4B58C5-8009-445A-9E2F-68C0AC9AA89D}.Release|x86.Build.0 = Release|Any CPU
		{FD4B58C5-8009-445A-9E2F-68C0AC9AA89D}.Release|x86.Deploy.0 = Release|Any CPU
		{E2766414-7F54-4AFD-B72F-6B8C4D99006D}.Ad-Hoc|Any CPU.ActiveCfg = Release|Any CPU
		{E2766414-7F54-4AFD-B72F-6B8C4D99006D}.Ad-Hoc|Any CPU.Build.0 = Release|Any CPU
		{E2766414-7F54-4AFD-B72F-6B8C4D99006D}.Ad-Hoc|ARM.ActiveCfg = Release|Any CPU
		{E2766414-7F54-4AFD-B72F-6B8C4D99006D}.Ad-Hoc|ARM.Build.0 = Release|Any CPU
		{E2766414-7F54-4AFD-B72F-6B8C4D99006D}.Ad-Hoc|iPhone.ActiveCfg = Release|Any CPU
		{E2766414-7F54-4AFD-B72F-6B8C4D99006D}.Ad-Hoc|iPhone.Build.0 = Release|Any CPU
		{E2766414-7F54-4AFD-B72F-6B8C4D99006D}.Ad-Hoc|iPhoneSimulator.ActiveCfg = Release|Any CPU
		{E2766414-7F54-4AFD-B72F-6B8C4D99006D}.Ad-Hoc|iPhoneSimulator.Build.0 = Release|Any CPU
		{E2766414-7F54-4AFD-B72F-6B8C4D99006D}.Ad-Hoc|x64.ActiveCfg = Release|Any CPU
		{E2766414-7F54-4AFD-B72F-6B8C4D99006D}.Ad-Hoc|x64.Build.0 = Release|Any CPU
		{E2766414-7F54-4AFD-B72F-6B8C4D99006D}.Ad-Hoc|x86.ActiveCfg = Release|Any CPU
		{E2766414-7F54-4AFD-B72F-6B8C4D99006D}.Ad-Hoc|x86.Build.0 = Release|Any CPU
		{E2766414-7F54-4AFD-B72F-6B8C4D99006D}.AppStore|Any CPU.ActiveCfg = Release|Any CPU
		{E2766414-7F54-4AFD-B72F-6B8C4D99006D}.AppStore|Any CPU.Build.0 = Release|Any CPU
		{E2766414-7F54-4AFD-B72F-6B8C4D99006D}.AppStore|ARM.ActiveCfg = Release|Any CPU
		{E2766414-7F54-4AFD-B72F-6B8C4D99006D}.AppStore|ARM.Build.0 = Release|Any CPU
		{E2766414-7F54-4AFD-B72F-6B8C4D99006D}.AppStore|iPhone.ActiveCfg = Release|Any CPU
		{E2766414-7F54-4AFD-B72F-6B8C4D99006D}.AppStore|iPhone.Build.0 = Release|Any CPU
		{E2766414-7F54-4AFD-B72F-6B8C4D99006D}.AppStore|iPhoneSimulator.ActiveCfg = Release|Any CPU
		{E2766414-7F54-4AFD-B72F-6B8C4D99006D}.AppStore|iPhoneSimulator.Build.0 = Release|Any CPU
		{E2766414-7F54-4AFD-B72F-6B8C4D99006D}.AppStore|x64.ActiveCfg = Release|Any CPU
		{E2766414-7F54-4AFD-B72F-6B8C4D99006D}.AppStore|x64.Build.0 = Release|Any CPU
		{E2766414-7F54-4AFD-B72F-6B8C4D99006D}.AppStore|x86.ActiveCfg = Release|Any CPU
		{E2766414-7F54-4AFD-B72F-6B8C4D99006D}.AppStore|x86.Build.0 = Release|Any CPU
		{E2766414-7F54-4AFD-B72F-6B8C4D99006D}.Debug|Any CPU.ActiveCfg = Debug|Any CPU
		{E2766414-7F54-4AFD-B72F-6B8C4D99006D}.Debug|Any CPU.Build.0 = Debug|Any CPU
		{E2766414-7F54-4AFD-B72F-6B8C4D99006D}.Debug|ARM.ActiveCfg = Debug|Any CPU
		{E2766414-7F54-4AFD-B72F-6B8C4D99006D}.Debug|ARM.Build.0 = Debug|Any CPU
		{E2766414-7F54-4AFD-B72F-6B8C4D99006D}.Debug|iPhone.ActiveCfg = Debug|Any CPU
		{E2766414-7F54-4AFD-B72F-6B8C4D99006D}.Debug|iPhone.Build.0 = Debug|Any CPU
		{E2766414-7F54-4AFD-B72F-6B8C4D99006D}.Debug|iPhoneSimulator.ActiveCfg = Debug|Any CPU
		{E2766414-7F54-4AFD-B72F-6B8C4D99006D}.Debug|iPhoneSimulator.Build.0 = Debug|Any CPU
		{E2766414-7F54-4AFD-B72F-6B8C4D99006D}.Debug|x64.ActiveCfg = Debug|Any CPU
		{E2766414-7F54-4AFD-B72F-6B8C4D99006D}.Debug|x64.Build.0 = Debug|Any CPU
		{E2766414-7F54-4AFD-B72F-6B8C4D99006D}.Debug|x86.ActiveCfg = Debug|Any CPU
		{E2766414-7F54-4AFD-B72F-6B8C4D99006D}.Debug|x86.Build.0 = Debug|Any CPU
		{E2766414-7F54-4AFD-B72F-6B8C4D99006D}.Release|Any CPU.ActiveCfg = Release|Any CPU
		{E2766414-7F54-4AFD-B72F-6B8C4D99006D}.Release|Any CPU.Build.0 = Release|Any CPU
		{E2766414-7F54-4AFD-B72F-6B8C4D99006D}.Release|ARM.ActiveCfg = Release|Any CPU
		{E2766414-7F54-4AFD-B72F-6B8C4D99006D}.Release|ARM.Build.0 = Release|Any CPU
		{E2766414-7F54-4AFD-B72F-6B8C4D99006D}.Release|iPhone.ActiveCfg = Release|Any CPU
		{E2766414-7F54-4AFD-B72F-6B8C4D99006D}.Release|iPhone.Build.0 = Release|Any CPU
		{E2766414-7F54-4AFD-B72F-6B8C4D99006D}.Release|iPhoneSimulator.ActiveCfg = Release|Any CPU
		{E2766414-7F54-4AFD-B72F-6B8C4D99006D}.Release|iPhoneSimulator.Build.0 = Release|Any CPU
		{E2766414-7F54-4AFD-B72F-6B8C4D99006D}.Release|x64.ActiveCfg = Release|Any CPU
		{E2766414-7F54-4AFD-B72F-6B8C4D99006D}.Release|x64.Build.0 = Release|Any CPU
		{E2766414-7F54-4AFD-B72F-6B8C4D99006D}.Release|x86.ActiveCfg = Release|Any CPU
		{E2766414-7F54-4AFD-B72F-6B8C4D99006D}.Release|x86.Build.0 = Release|Any CPU
		{38331B6F-8086-489C-BF09-9F5595F7DDB6}.Ad-Hoc|Any CPU.ActiveCfg = Release|x86
		{38331B6F-8086-489C-BF09-9F5595F7DDB6}.Ad-Hoc|Any CPU.Build.0 = Release|x86
		{38331B6F-8086-489C-BF09-9F5595F7DDB6}.Ad-Hoc|Any CPU.Deploy.0 = Release|x86
		{38331B6F-8086-489C-BF09-9F5595F7DDB6}.Ad-Hoc|ARM.ActiveCfg = Release|ARM
		{38331B6F-8086-489C-BF09-9F5595F7DDB6}.Ad-Hoc|ARM.Build.0 = Release|ARM
		{38331B6F-8086-489C-BF09-9F5595F7DDB6}.Ad-Hoc|ARM.Deploy.0 = Release|ARM
		{38331B6F-8086-489C-BF09-9F5595F7DDB6}.Ad-Hoc|iPhone.ActiveCfg = Release|x86
		{38331B6F-8086-489C-BF09-9F5595F7DDB6}.Ad-Hoc|iPhone.Build.0 = Release|x86
		{38331B6F-8086-489C-BF09-9F5595F7DDB6}.Ad-Hoc|iPhone.Deploy.0 = Release|x86
		{38331B6F-8086-489C-BF09-9F5595F7DDB6}.Ad-Hoc|iPhoneSimulator.ActiveCfg = Release|x86
		{38331B6F-8086-489C-BF09-9F5595F7DDB6}.Ad-Hoc|iPhoneSimulator.Build.0 = Release|x86
		{38331B6F-8086-489C-BF09-9F5595F7DDB6}.Ad-Hoc|iPhoneSimulator.Deploy.0 = Release|x86
		{38331B6F-8086-489C-BF09-9F5595F7DDB6}.Ad-Hoc|x64.ActiveCfg = Release|x64
		{38331B6F-8086-489C-BF09-9F5595F7DDB6}.Ad-Hoc|x64.Build.0 = Release|x64
		{38331B6F-8086-489C-BF09-9F5595F7DDB6}.Ad-Hoc|x64.Deploy.0 = Release|x64
		{38331B6F-8086-489C-BF09-9F5595F7DDB6}.Ad-Hoc|x86.ActiveCfg = Release|x86
		{38331B6F-8086-489C-BF09-9F5595F7DDB6}.Ad-Hoc|x86.Build.0 = Release|x86
		{38331B6F-8086-489C-BF09-9F5595F7DDB6}.Ad-Hoc|x86.Deploy.0 = Release|x86
		{38331B6F-8086-489C-BF09-9F5595F7DDB6}.AppStore|Any CPU.ActiveCfg = Release|x86
		{38331B6F-8086-489C-BF09-9F5595F7DDB6}.AppStore|Any CPU.Build.0 = Release|x86
		{38331B6F-8086-489C-BF09-9F5595F7DDB6}.AppStore|Any CPU.Deploy.0 = Release|x86
		{38331B6F-8086-489C-BF09-9F5595F7DDB6}.AppStore|ARM.ActiveCfg = Release|ARM
		{38331B6F-8086-489C-BF09-9F5595F7DDB6}.AppStore|ARM.Build.0 = Release|ARM
		{38331B6F-8086-489C-BF09-9F5595F7DDB6}.AppStore|ARM.Deploy.0 = Release|ARM
		{38331B6F-8086-489C-BF09-9F5595F7DDB6}.AppStore|iPhone.ActiveCfg = Release|x86
		{38331B6F-8086-489C-BF09-9F5595F7DDB6}.AppStore|iPhone.Build.0 = Release|x86
		{38331B6F-8086-489C-BF09-9F5595F7DDB6}.AppStore|iPhone.Deploy.0 = Release|x86
		{38331B6F-8086-489C-BF09-9F5595F7DDB6}.AppStore|iPhoneSimulator.ActiveCfg = Release|x86
		{38331B6F-8086-489C-BF09-9F5595F7DDB6}.AppStore|iPhoneSimulator.Build.0 = Release|x86
		{38331B6F-8086-489C-BF09-9F5595F7DDB6}.AppStore|iPhoneSimulator.Deploy.0 = Release|x86
		{38331B6F-8086-489C-BF09-9F5595F7DDB6}.AppStore|x64.ActiveCfg = Release|x64
		{38331B6F-8086-489C-BF09-9F5595F7DDB6}.AppStore|x64.Build.0 = Release|x64
		{38331B6F-8086-489C-BF09-9F5595F7DDB6}.AppStore|x64.Deploy.0 = Release|x64
		{38331B6F-8086-489C-BF09-9F5595F7DDB6}.AppStore|x86.ActiveCfg = Release|x86
		{38331B6F-8086-489C-BF09-9F5595F7DDB6}.AppStore|x86.Build.0 = Release|x86
		{38331B6F-8086-489C-BF09-9F5595F7DDB6}.AppStore|x86.Deploy.0 = Release|x86
		{38331B6F-8086-489C-BF09-9F5595F7DDB6}.Debug|Any CPU.ActiveCfg = Debug|x86
		{38331B6F-8086-489C-BF09-9F5595F7DDB6}.Debug|ARM.ActiveCfg = Debug|ARM
		{38331B6F-8086-489C-BF09-9F5595F7DDB6}.Debug|ARM.Build.0 = Debug|ARM
		{38331B6F-8086-489C-BF09-9F5595F7DDB6}.Debug|ARM.Deploy.0 = Debug|ARM
		{38331B6F-8086-489C-BF09-9F5595F7DDB6}.Debug|iPhone.ActiveCfg = Debug|x86
		{38331B6F-8086-489C-BF09-9F5595F7DDB6}.Debug|iPhoneSimulator.ActiveCfg = Debug|x86
		{38331B6F-8086-489C-BF09-9F5595F7DDB6}.Debug|x64.ActiveCfg = Debug|x64
		{38331B6F-8086-489C-BF09-9F5595F7DDB6}.Debug|x64.Build.0 = Debug|x64
		{38331B6F-8086-489C-BF09-9F5595F7DDB6}.Debug|x64.Deploy.0 = Debug|x64
		{38331B6F-8086-489C-BF09-9F5595F7DDB6}.Debug|x86.ActiveCfg = Debug|x86
		{38331B6F-8086-489C-BF09-9F5595F7DDB6}.Debug|x86.Build.0 = Debug|x86
		{38331B6F-8086-489C-BF09-9F5595F7DDB6}.Debug|x86.Deploy.0 = Debug|x86
		{38331B6F-8086-489C-BF09-9F5595F7DDB6}.Release|Any CPU.ActiveCfg = Release|x86
		{38331B6F-8086-489C-BF09-9F5595F7DDB6}.Release|ARM.ActiveCfg = Release|ARM
		{38331B6F-8086-489C-BF09-9F5595F7DDB6}.Release|ARM.Build.0 = Release|ARM
		{38331B6F-8086-489C-BF09-9F5595F7DDB6}.Release|ARM.Deploy.0 = Release|ARM
		{38331B6F-8086-489C-BF09-9F5595F7DDB6}.Release|iPhone.ActiveCfg = Release|x86
		{38331B6F-8086-489C-BF09-9F5595F7DDB6}.Release|iPhoneSimulator.ActiveCfg = Release|x86
		{38331B6F-8086-489C-BF09-9F5595F7DDB6}.Release|x64.ActiveCfg = Release|x64
		{38331B6F-8086-489C-BF09-9F5595F7DDB6}.Release|x64.Build.0 = Release|x64
		{38331B6F-8086-489C-BF09-9F5595F7DDB6}.Release|x64.Deploy.0 = Release|x64
		{38331B6F-8086-489C-BF09-9F5595F7DDB6}.Release|x86.ActiveCfg = Release|x86
		{38331B6F-8086-489C-BF09-9F5595F7DDB6}.Release|x86.Build.0 = Release|x86
		{38331B6F-8086-489C-BF09-9F5595F7DDB6}.Release|x86.Deploy.0 = Release|x86
		{FAA42893-44A6-4BE7-9221-C36600C5BD9E}.Ad-Hoc|Any CPU.ActiveCfg = Ad-Hoc|iPhoneSimulator
		{FAA42893-44A6-4BE7-9221-C36600C5BD9E}.Ad-Hoc|ARM.ActiveCfg = Ad-Hoc|iPhone
		{FAA42893-44A6-4BE7-9221-C36600C5BD9E}.Ad-Hoc|iPhone.ActiveCfg = Ad-Hoc|iPhone
		{FAA42893-44A6-4BE7-9221-C36600C5BD9E}.Ad-Hoc|iPhone.Build.0 = Ad-Hoc|iPhone
		{FAA42893-44A6-4BE7-9221-C36600C5BD9E}.Ad-Hoc|iPhoneSimulator.ActiveCfg = Ad-Hoc|iPhoneSimulator
		{FAA42893-44A6-4BE7-9221-C36600C5BD9E}.Ad-Hoc|iPhoneSimulator.Build.0 = Ad-Hoc|iPhoneSimulator
		{FAA42893-44A6-4BE7-9221-C36600C5BD9E}.Ad-Hoc|x64.ActiveCfg = Ad-Hoc|iPhone
		{FAA42893-44A6-4BE7-9221-C36600C5BD9E}.Ad-Hoc|x86.ActiveCfg = Ad-Hoc|iPhone
		{FAA42893-44A6-4BE7-9221-C36600C5BD9E}.AppStore|Any CPU.ActiveCfg = AppStore|iPhoneSimulator
		{FAA42893-44A6-4BE7-9221-C36600C5BD9E}.AppStore|ARM.ActiveCfg = AppStore|iPhone
		{FAA42893-44A6-4BE7-9221-C36600C5BD9E}.AppStore|iPhone.ActiveCfg = AppStore|iPhone
		{FAA42893-44A6-4BE7-9221-C36600C5BD9E}.AppStore|iPhone.Build.0 = AppStore|iPhone
		{FAA42893-44A6-4BE7-9221-C36600C5BD9E}.AppStore|iPhoneSimulator.ActiveCfg = AppStore|iPhoneSimulator
		{FAA42893-44A6-4BE7-9221-C36600C5BD9E}.AppStore|iPhoneSimulator.Build.0 = AppStore|iPhoneSimulator
		{FAA42893-44A6-4BE7-9221-C36600C5BD9E}.AppStore|x64.ActiveCfg = AppStore|iPhone
		{FAA42893-44A6-4BE7-9221-C36600C5BD9E}.AppStore|x86.ActiveCfg = AppStore|iPhone
		{FAA42893-44A6-4BE7-9221-C36600C5BD9E}.Debug|Any CPU.ActiveCfg = Debug|iPhoneSimulator
		{FAA42893-44A6-4BE7-9221-C36600C5BD9E}.Debug|ARM.ActiveCfg = Debug|iPhone
		{FAA42893-44A6-4BE7-9221-C36600C5BD9E}.Debug|iPhone.ActiveCfg = Debug|iPhone
		{FAA42893-44A6-4BE7-9221-C36600C5BD9E}.Debug|iPhone.Build.0 = Debug|iPhone
		{FAA42893-44A6-4BE7-9221-C36600C5BD9E}.Debug|iPhoneSimulator.ActiveCfg = Debug|iPhoneSimulator
		{FAA42893-44A6-4BE7-9221-C36600C5BD9E}.Debug|iPhoneSimulator.Build.0 = Debug|iPhoneSimulator
		{FAA42893-44A6-4BE7-9221-C36600C5BD9E}.Debug|x64.ActiveCfg = Debug|iPhone
		{FAA42893-44A6-4BE7-9221-C36600C5BD9E}.Debug|x86.ActiveCfg = Debug|iPhone
		{FAA42893-44A6-4BE7-9221-C36600C5BD9E}.Release|Any CPU.ActiveCfg = Release|iPhoneSimulator
		{FAA42893-44A6-4BE7-9221-C36600C5BD9E}.Release|ARM.ActiveCfg = Release|iPhone
		{FAA42893-44A6-4BE7-9221-C36600C5BD9E}.Release|iPhone.ActiveCfg = Release|iPhone
		{FAA42893-44A6-4BE7-9221-C36600C5BD9E}.Release|iPhone.Build.0 = Release|iPhone
		{FAA42893-44A6-4BE7-9221-C36600C5BD9E}.Release|iPhoneSimulator.ActiveCfg = Release|iPhoneSimulator
		{FAA42893-44A6-4BE7-9221-C36600C5BD9E}.Release|iPhoneSimulator.Build.0 = Release|iPhoneSimulator
		{FAA42893-44A6-4BE7-9221-C36600C5BD9E}.Release|x64.ActiveCfg = Release|iPhone
		{FAA42893-44A6-4BE7-9221-C36600C5BD9E}.Release|x86.ActiveCfg = Release|iPhone
	EndGlobalSection
	GlobalSection(SolutionProperties) = preSolution
		HideSolutionNode = FALSE
	EndGlobalSection
	GlobalSection(ExtensibilityGlobals) = postSolution
		SolutionGuid = {3B3F4D3D-A06C-4E37-B8BE-2B803C125693}
	EndGlobalSection
EndGlobal
